lockfile_version: '1'
generated_at: '2026-06-07T02:03:10.741468+00:00'
apm_version: 0.18.0
dependencies:
- repo_url: anthropics/skills
  host: github.com
  resolved_commit: da20c92503b2e8ff1cf28ca81a0df4673debdbf7
  virtual_path: skills/frontend-design
  is_virtual: true
  package_type: claude_skill
  deployed_files:
  - .agents/skills/frontend-design
  - .claude/skills/frontend-design
  content_hash: sha256:063a0e6448123cd359ad0044cc46b0e490cc7964d45ef4bb9fd842bd2ffbca67
- repo_url: juspay/justci
  host: github.com
  resolved_commit: 29d0d3d47bbbd037c50e5e8b50969b4ac3063c26
  package_type: apm_package
  deployed_files:
  - .agents/skills/ci
  - .claude/rules/workflow.md
  - .claude/skills/ci
  deployed_file_hashes:
    .claude/rules/workflow.md: sha256:babf61cdd29cfc8f03b3d20f17b4bf13ef5f173dc05640bc83c505dca4b42010
  content_hash: sha256:daf1681118ced26212fdddda490fe3b89bc6e2e3955d8b683da48fa7cecc4350
- repo_url: juspay/nix-chrome-devtools-mcp
  host: github.com
  resolved_commit: a202612693800c9d9ac9035ca0df80f2e92ded3b
  package_type: apm_package
  deployed_files:
  - .agents/skills/nix-chrome-devtools-mcp
  - .claude/skills/nix-chrome-devtools-mcp
  content_hash: sha256:51308bd8cc8b6ae24781a77b67a7c8140bdea5d793e35427e7b8fcbeb0662074
- repo_url: juspay/project-unknown
  host: github.com
  resolved_commit: 27c4973ae3837eaa54b0439faa5346a3320ac379
  package_type: apm_package
  deployed_files:
  - .agents/skills/pu
  - .claude/skills/pu
  content_hash: sha256:3694a4feafcb2a8e33364e0eacd9ef5ab37f893733769570e2f18e4eb13ae3c8
- repo_url: juspay/skills
  host: github.com
  resolved_commit: e5791cf388499456c8083a1667ecc1bd6c35fe2c
  virtual_path: skills/nix-justfile
  is_virtual: true
  package_type: claude_skill
  deployed_files:
  - .agents/skills/nix-justfile
  - .claude/skills/nix-justfile
  content_hash: sha256:8f48e067e59da48c3ac90b4e2228ebb4ecfd988375b40efe831339d9a493accd
- repo_url: juspay/skills
  host: github.com
  resolved_commit: e5791cf388499456c8083a1667ecc1bd6c35fe2c
  virtual_path: skills/nix-typescript
  is_virtual: true
  package_type: claude_skill
  deployed_files:
  - .agents/skills/nix-typescript
  - .claude/skills/nix-typescript
  content_hash: sha256:67ff7ce606ad0378af382ad6cb84d9853bf70ec52d6fe40ed6b6f82ecd2c48c3
- repo_url: juspay/skills
  host: github.com
  resolved_commit: 84d6c6f102151246fb1da96ce39996757c11179c
  virtual_path: skills/pg
  is_virtual: true
  package_type: claude_skill
  deployed_files:
  - .agents/skills/pg
  - .claude/skills/pg
  content_hash: sha256:55aa91acea2f65028147786dffec979d5c2f1b18f402ee441353dada10ffbb2a
- repo_url: srid/agency
  host: github.com
  resolved_commit: 6d53751b5fb42cc2c55b9072b314f3cdd0449ecb
  resolved_ref: master
  package_type: apm_package
  deployed_files:
  - .agents/skills/code-police
  - .agents/skills/do
  - .agents/skills/elegance
  - .agents/skills/fact-check
  - .agents/skills/forge-pr
  - .agents/skills/hickey
  - .agents/skills/lowy
  - .agents/skills/ralph
  - .agents/skills/talk
  - .claude/agents/hickey.md
  - .claude/agents/lowy.md
  - .claude/hooks/agency/scripts/do-stop-guard.sh
  - .claude/rules/apm-sources.md
  - .claude/skills/code-police
  - .claude/skills/do
  - .claude/skills/elegance
  - .claude/skills/fact-check
  - .claude/skills/forge-pr
  - .claude/skills/hickey
  - .claude/skills/lowy
  - .claude/skills/ralph
  - .claude/skills/talk
  - .codex/hooks/agency/scripts/do-stop-guard.sh
  - .opencode/agents/hickey.md
  - .opencode/agents/lowy.md
  deployed_file_hashes:
    .claude/agents/hickey.md: sha256:10d9a4350a85752dc6658af8e0efb3d8be41803a2b6c73464e3d5b7a840435ad
    .claude/agents/lowy.md: sha256:05aff7f6a91149a42c1fb9a3ca382a6f77bc39ac8a8d45436d443dd3349fb11e
    .claude/hooks/agency/scripts/do-stop-guard.sh: sha256:cb033f86c15ffd3d09d8e4b74a61f55a70def4cc4131cc013b7368a2d23f3f33
    .claude/rules/apm-sources.md: sha256:90626875e2a63e5658f0b5e77524c9c4f949f4ce890bd1f1ce9a2663d4fc8ea7
    .codex/hooks/agency/scripts/do-stop-guard.sh: sha256:cb033f86c15ffd3d09d8e4b74a61f55a70def4cc4131cc013b7368a2d23f3f33
    .opencode/agents/hickey.md: sha256:10d9a4350a85752dc6658af8e0efb3d8be41803a2b6c73464e3d5b7a840435ad
    .opencode/agents/lowy.md: sha256:05aff7f6a91149a42c1fb9a3ca382a6f77bc39ac8a8d45436d443dd3349fb11e
  content_hash: sha256:703dc7eb1a510ab80f5daa4cd7d9997ed1c748cb0942ff3ced88ac7bd062944b
mcp_servers:
- chrome-devtools
mcp_configs:
  chrome-devtools:
    name: chrome-devtools
    transport: stdio
    registry: false
    command: .agents/skills/nix-chrome-devtools-mcp/bin/serve
local_deployed_files:
- .agents/skills/atlas
- .agents/skills/be
- .agents/skills/be-review
- .agents/skills/blog-post
- .agents/skills/codex-debate
- .agents/skills/dev-server
- .agents/skills/evidence
- .agents/skills/lens-debate
- .agents/skills/parcel
- .agents/skills/perf-diagnose
- .agents/skills/pierre
- .agents/skills/test
- .claude/rules/apm-sources.md
- .claude/rules/apm-workflow.md
- .claude/rules/architecture.md
- .claude/rules/atlas.md
- .claude/rules/conventions.md
- .claude/rules/docs.md
- .claude/rules/e2e-testing.md
- .claude/rules/nix.md
- .claude/rules/solidjs.md
- .claude/rules/state.md
- .claude/rules/streaming.md
- .claude/rules/toast-conventions.md
- .claude/skills/atlas
- .claude/skills/be
- .claude/skills/be-review
- .claude/skills/blog-post
- .claude/skills/codex-debate
- .claude/skills/dev-server
- .claude/skills/evidence
- .claude/skills/lens-debate
- .claude/skills/parcel
- .claude/skills/perf-diagnose
- .claude/skills/pierre
- .claude/skills/test
local_deployed_file_hashes:
  .claude/rules/apm-sources.md: sha256:90626875e2a63e5658f0b5e77524c9c4f949f4ce890bd1f1ce9a2663d4fc8ea7
  .claude/rules/apm-workflow.md: sha256:16f4fed3d8fe9b1e334444b8885443c2ac26963270d3df0f3505075cc3bd604d
  .claude/rules/architecture.md: sha256:0f47ba876432c25a2cd54e3ed7995e8bbbb8b383fe3b790b0b3e252949c18032
  .claude/rules/atlas.md: sha256:952a49f91d233d35fa8fc1f731cbff874161df7491b5696edc1e91da588c6d90
  .claude/rules/conventions.md: sha256:c9f6ab7de674fb0da8b3d29f0e188db0cb67f96df774e270848b18323a12760b
  .claude/rules/docs.md: sha256:00e7efd122bfa9dd97cddde6f0caa01ae022a0ddc49d9df42cfd214a03eec868
  .claude/rules/e2e-testing.md: sha256:ecac44a197b0e2f73f2a85fc1b79e21b6ef1670275de0a9debdd54de1848f0af
  .claude/rules/nix.md: sha256:1ac0f3738deafba04c3af189c863990809999021f4e9d0e6b38969ec1460acf3
  .claude/rules/solidjs.md: sha256:a5cfe688d4399be719565de823ccacec874b9d2faa01d29897a7b40de1f49367
  .claude/rules/state.md: sha256:749fbd3452a8182f29c26df5e2f5671cbe2a88ddc97aef162a36645efccc4ccf
  .claude/rules/streaming.md: sha256:f67ae607dd8c4baf97c656d639452d82027ac295bb551d3dd774386101c5d0ec
  .claude/rules/toast-conventions.md: sha256:e987215118a5269b05f064a477ca26ad986b014531dfb00bc7ba6b6bd3dce5bc
