lockfile_version: '1'
generated_at: '2026-06-01T01:35:22.383583+00:00'
apm_version: 0.16.0
dependencies:
- repo_url: anthropics/skills
  host: github.com
  resolved_commit: 12ab35c2eb5668c95810e6a6066f40f4218adc39
  virtual_path: skills/frontend-design
  is_virtual: true
  package_type: claude_skill
  deployed_files:
  - .agents/skills/frontend-design
  - .claude/skills/frontend-design
  content_hash: sha256:063a0e6448123cd359ad0044cc46b0e490cc7964d45ef4bb9fd842bd2ffbca67
- repo_url: juspay/justci
  host: github.com
  resolved_commit: 8db5e285d2d0fbf23f85b34c63dc4a1abf8129dc
  package_type: apm_package
  deployed_files:
  - .agents/skills/ci
  - .claude/rules/workflow.md
  - .claude/skills/ci
  deployed_file_hashes:
    .claude/rules/workflow.md: sha256:babf61cdd29cfc8f03b3d20f17b4bf13ef5f173dc05640bc83c505dca4b42010
  content_hash: sha256:efbf3ea93d59fcc6eec2d84e67bd229a80b6403e972fc483cf01af28120feb9c
- repo_url: juspay/nix-chrome-devtools-mcp
  host: github.com
  resolved_commit: a202612693800c9d9ac9035ca0df80f2e92ded3b
  package_type: apm_package
  deployed_files:
  - .agents/skills/nix-chrome-devtools-mcp
  - .claude/skills/nix-chrome-devtools-mcp
  content_hash: sha256:51308bd8cc8b6ae24781a77b67a7c8140bdea5d793e35427e7b8fcbeb0662074
- repo_url: juspay/skills
  host: github.com
  resolved_commit: 6e2df2d9ab3a4031e89598b50aa1074c3fd87748
  virtual_path: skills/nix-justfile
  is_virtual: true
  package_type: claude_skill
  deployed_files:
  - .agents/skills/nix-justfile
  - .claude/skills/nix-justfile
  content_hash: sha256:8f48e067e59da48c3ac90b4e2228ebb4ecfd988375b40efe831339d9a493accd
- repo_url: juspay/skills
  host: github.com
  resolved_commit: 6e2df2d9ab3a4031e89598b50aa1074c3fd87748
  virtual_path: skills/nix-typescript
  is_virtual: true
  package_type: claude_skill
  deployed_files:
  - .agents/skills/nix-typescript
  - .claude/skills/nix-typescript
  content_hash: sha256:67ff7ce606ad0378af382ad6cb84d9853bf70ec52d6fe40ed6b6f82ecd2c48c3
- repo_url: srid/agency
  host: github.com
  resolved_commit: 6d53751b5fb42cc2c55b9072b314f3cdd0449ecb
  resolved_ref: master
  package_type: apm_package
  deployed_files:
  - .agents/skills/code-police
  - .agents/skills/do
  - .agents/skills/elegance
  - .agents/skills/fact-check
  - .agents/skills/forge-pr
  - .agents/skills/hickey
  - .agents/skills/lowy
  - .agents/skills/ralph
  - .agents/skills/talk
  - .claude/agents/hickey.md
  - .claude/agents/lowy.md
  - .claude/hooks/agency/scripts/do-stop-guard.sh
  - .claude/rules/apm-sources.md
  - .claude/skills/code-police
  - .claude/skills/do
  - .claude/skills/elegance
  - .claude/skills/fact-check
  - .claude/skills/forge-pr
  - .claude/skills/hickey
  - .claude/skills/lowy
  - .claude/skills/ralph
  - .claude/skills/talk
  - .codex/agents/hickey.toml
  - .codex/agents/lowy.toml
  - .codex/hooks/agency/scripts/do-stop-guard.sh
  - .opencode/agents/hickey.md
  - .opencode/agents/lowy.md
  deployed_file_hashes:
    .claude/agents/hickey.md: sha256:10d9a4350a85752dc6658af8e0efb3d8be41803a2b6c73464e3d5b7a840435ad
    .claude/agents/lowy.md: sha256:05aff7f6a91149a42c1fb9a3ca382a6f77bc39ac8a8d45436d443dd3349fb11e
    .claude/hooks/agency/scripts/do-stop-guard.sh: sha256:cb033f86c15ffd3d09d8e4b74a61f55a70def4cc4131cc013b7368a2d23f3f33
    .claude/rules/apm-sources.md: sha256:90626875e2a63e5658f0b5e77524c9c4f949f4ce890bd1f1ce9a2663d4fc8ea7
    .codex/agents/hickey.toml: sha256:f508bacedcac2916cf1e29a11f2ac161483ffc2acf182c8f1c00c26d14073c00
    .codex/agents/lowy.toml: sha256:c57b72c43687ef255a4490f65984fe556325cb9847a5626e43c2a7addea049e4
    .codex/hooks/agency/scripts/do-stop-guard.sh: sha256:cb033f86c15ffd3d09d8e4b74a61f55a70def4cc4131cc013b7368a2d23f3f33
    .opencode/agents/hickey.md: sha256:10d9a4350a85752dc6658af8e0efb3d8be41803a2b6c73464e3d5b7a840435ad
    .opencode/agents/lowy.md: sha256:05aff7f6a91149a42c1fb9a3ca382a6f77bc39ac8a8d45436d443dd3349fb11e
  content_hash: sha256:703dc7eb1a510ab80f5daa4cd7d9997ed1c748cb0942ff3ced88ac7bd062944b
mcp_servers:
- chrome-devtools
mcp_configs:
  chrome-devtools:
    name: chrome-devtools
    transport: stdio
    registry: false
    command: .agents/skills/nix-chrome-devtools-mcp/bin/serve
local_deployed_files:
- .agents/skills/evidence
- .agents/skills/hk
- .agents/skills/parcel
- .agents/skills/perf-diagnose
- .agents/skills/pierre
- .agents/skills/pu
- .agents/skills/test
- .claude/commands/whatchanged.md
- .claude/rules/apm-sources.md
- .claude/rules/apm-workflow.md
- .claude/rules/architecture.md
- .claude/rules/conventions.md
- .claude/rules/e2e-testing.md
- .claude/rules/nix.md
- .claude/rules/solidjs.md
- .claude/rules/state.md
- .claude/rules/streaming.md
- .claude/rules/toast-conventions.md
- .claude/skills/evidence
- .claude/skills/hk
- .claude/skills/parcel
- .claude/skills/perf-diagnose
- .claude/skills/pierre
- .claude/skills/pu
- .claude/skills/test
- .opencode/commands/whatchanged.md
local_deployed_file_hashes:
  .claude/commands/whatchanged.md: sha256:283ce7bfddb6213172b2a89259c2b89b65d063c6f1d156dd6ee2b98760183f69
  .claude/rules/apm-sources.md: sha256:90626875e2a63e5658f0b5e77524c9c4f949f4ce890bd1f1ce9a2663d4fc8ea7
  .claude/rules/apm-workflow.md: sha256:16f4fed3d8fe9b1e334444b8885443c2ac26963270d3df0f3505075cc3bd604d
  .claude/rules/architecture.md: sha256:0f47ba876432c25a2cd54e3ed7995e8bbbb8b383fe3b790b0b3e252949c18032
  .claude/rules/conventions.md: sha256:c9f6ab7de674fb0da8b3d29f0e188db0cb67f96df774e270848b18323a12760b
  .claude/rules/e2e-testing.md: sha256:ecac44a197b0e2f73f2a85fc1b79e21b6ef1670275de0a9debdd54de1848f0af
  .claude/rules/nix.md: sha256:1ac0f3738deafba04c3af189c863990809999021f4e9d0e6b38969ec1460acf3
  .claude/rules/solidjs.md: sha256:a5cfe688d4399be719565de823ccacec874b9d2faa01d29897a7b40de1f49367
  .claude/rules/state.md: sha256:749fbd3452a8182f29c26df5e2f5671cbe2a88ddc97aef162a36645efccc4ccf
  .claude/rules/streaming.md: sha256:f67ae607dd8c4baf97c656d639452d82027ac295bb551d3dd774386101c5d0ec
  .claude/rules/toast-conventions.md: sha256:e987215118a5269b05f064a477ca26ad986b014531dfb00bc7ba6b6bd3dce5bc
  .opencode/commands/whatchanged.md: sha256:283ce7bfddb6213172b2a89259c2b89b65d063c6f1d156dd6ee2b98760183f69
